
Microsoft Visual Studio Solution File, Format Version 12.00
# Visual Studio 15
VisualStudioVersion = 15.0.27130.2026
MinimumVisualStudioVersion = 10.0.40219.1
Project("{FAE04EC0-301F-11D3-BF4B-00C04F79EFBC}") = "Xamarinday2018.Azure", "Xamarinday2018.Azure\Xamarinday2018.Azure.csproj", "{559A434C-9E7F-4C70-8549-5EAF9FDD46B2}"
EndProject
Project("{FAE04EC0-301F-11D3-BF4B-00C04F79EFBC}") = "Xamarin2018.SignalRTest", "Xamarin2018.SignalRTest\Xamarin2018.SignalRTest.csproj", "{BBB58F0D-3276-45BF-AA52-2BEF57F44344}"
EndProject
Global
	GlobalSection(SolutionConfigurationPlatforms) = preSolution
		Debug|Any CPU = Debug|Any CPU
		Release|Any CPU = Release|Any CPU
	EndGlobalSection
	GlobalSection(ProjectConfigurationPlatforms) = postSolution
		{559A434C-9E7F-4C70-8549-5EAF9FDD46B2}.Debug|Any CPU.ActiveCfg = Debug|Any CPU
		{559A434C-9E7F-4C70-8549-5EAF9FDD46B2}.Debug|Any CPU.Build.0 = Debug|Any CPU
		{559A434C-9E7F-4C70-8549-5EAF9FDD46B2}.Release|Any CPU.ActiveCfg = Release|Any CPU
		{559A434C-9E7F-4C70-8549-5EAF9FDD46B2}.Release|Any CPU.Build.0 = Release|Any CPU
		{BBB58F0D-3276-45BF-AA52-2BEF57F44344}.Debug|Any CPU.ActiveCfg = Debug|Any CPU
		{BBB58F0D-3276-45BF-AA52-2BEF57F44344}.Debug|Any CPU.Build.0 = Debug|Any CPU
		{BBB58F0D-3276-45BF-AA52-2BEF57F44344}.Release|Any CPU.ActiveCfg = Release|Any CPU
		{BBB58F0D-3276-45BF-AA52-2BEF57F44344}.Release|Any CPU.Build.0 = Release|Any CPU
	EndGlobalSection
	GlobalSection(SolutionProperties) = preSolution
		HideSolutionNode = FALSE
	EndGlobalSection
	GlobalSection(ExtensibilityGlobals) = postSolution
		SolutionGuid = {3A656B61-7EDD-44EE-AF4E-93DF077A5F26}
	EndGlobalSection
EndGlobal
