
Microsoft Visual Studio Solution File, Format Version 12.00
# Visual Studio 2012
Project("{FAE04EC0-301F-11D3-BF4B-00C04F79EFBC}") = "XamarinDay2018.Droid", "Droid\XamarinDay2018.Droid.csproj", "{9858FDA6-0E80-407D-95A1-B888757420AD}"
EndProject
Project("{FAE04EC0-301F-11D3-BF4B-00C04F79EFBC}") = "XamarinDay2018.iOS", "iOS\XamarinDay2018.iOS.csproj", "{AC124D9D-567D-482E-B807-A001F04A3A94}"
EndProject
Project("{FAE04EC0-301F-11D3-BF4B-00C04F79EFBC}") = "XamarinDay2018.Core", "Core\XamarinDay2018.Core.csproj", "{EAC42622-AF49-4EFA-BB37-E74D63B71619}"
EndProject
Global
	GlobalSection(SolutionConfigurationPlatforms) = preSolution
		Debug|Any CPU = Debug|Any CPU
		Release|Any CPU = Release|Any CPU
		Debug|iPhoneSimulator = Debug|iPhoneSimulator
		Release|iPhone = Release|iPhone
		Release|iPhoneSimulator = Release|iPhoneSimulator
		Debug|iPhone = Debug|iPhone
	EndGlobalSection
	GlobalSection(ProjectConfigurationPlatforms) = postSolution
		{9858FDA6-0E80-407D-95A1-B888757420AD}.Debug|Any CPU.ActiveCfg = Debug|Any CPU
		{9858FDA6-0E80-407D-95A1-B888757420AD}.Debug|Any CPU.Build.0 = Debug|Any CPU
		{9858FDA6-0E80-407D-95A1-B888757420AD}.Release|Any CPU.ActiveCfg = Release|Any CPU
		{9858FDA6-0E80-407D-95A1-B888757420AD}.Release|Any CPU.Build.0 = Release|Any CPU
		{9858FDA6-0E80-407D-95A1-B888757420AD}.Debug|iPhoneSimulator.ActiveCfg = Debug|Any CPU
		{9858FDA6-0E80-407D-95A1-B888757420AD}.Debug|iPhoneSimulator.Build.0 = Debug|Any CPU
		{9858FDA6-0E80-407D-95A1-B888757420AD}.Release|iPhone.ActiveCfg = Release|Any CPU
		{9858FDA6-0E80-407D-95A1-B888757420AD}.Release|iPhone.Build.0 = Release|Any CPU
		{9858FDA6-0E80-407D-95A1-B888757420AD}.Release|iPhoneSimulator.ActiveCfg = Release|Any CPU
		{9858FDA6-0E80-407D-95A1-B888757420AD}.Release|iPhoneSimulator.Build.0 = Release|Any CPU
		{9858FDA6-0E80-407D-95A1-B888757420AD}.Debug|iPhone.ActiveCfg = Debug|Any CPU
		{9858FDA6-0E80-407D-95A1-B888757420AD}.Debug|iPhone.Build.0 = Debug|Any CPU
		{AC124D9D-567D-482E-B807-A001F04A3A94}.Debug|Any CPU.ActiveCfg = Debug|iPhoneSimulator
		{AC124D9D-567D-482E-B807-A001F04A3A94}.Debug|Any CPU.Build.0 = Debug|iPhoneSimulator
		{AC124D9D-567D-482E-B807-A001F04A3A94}.Release|Any CPU.ActiveCfg = Release|iPhone
		{AC124D9D-567D-482E-B807-A001F04A3A94}.Release|Any CPU.Build.0 = Release|iPhone
		{AC124D9D-567D-482E-B807-A001F04A3A94}.Debug|iPhoneSimulator.ActiveCfg = Debug|iPhoneSimulator
		{AC124D9D-567D-482E-B807-A001F04A3A94}.Debug|iPhoneSimulator.Build.0 = Debug|iPhoneSimulator
		{AC124D9D-567D-482E-B807-A001F04A3A94}.Release|iPhone.ActiveCfg = Release|iPhone
		{AC124D9D-567D-482E-B807-A001F04A3A94}.Release|iPhone.Build.0 = Release|iPhone
		{AC124D9D-567D-482E-B807-A001F04A3A94}.Release|iPhoneSimulator.ActiveCfg = Release|iPhoneSimulator
		{AC124D9D-567D-482E-B807-A001F04A3A94}.Release|iPhoneSimulator.Build.0 = Release|iPhoneSimulator
		{AC124D9D-567D-482E-B807-A001F04A3A94}.Debug|iPhone.ActiveCfg = Debug|iPhone
		{AC124D9D-567D-482E-B807-A001F04A3A94}.Debug|iPhone.Build.0 = Debug|iPhone
		{EAC42622-AF49-4EFA-BB37-E74D63B71619}.Debug|Any CPU.ActiveCfg = Debug|Any CPU
		{EAC42622-AF49-4EFA-BB37-E74D63B71619}.Debug|Any CPU.Build.0 = Debug|Any CPU
		{EAC42622-AF49-4EFA-BB37-E74D63B71619}.Release|Any CPU.ActiveCfg = Release|Any CPU
		{EAC42622-AF49-4EFA-BB37-E74D63B71619}.Release|Any CPU.Build.0 = Release|Any CPU
		{EAC42622-AF49-4EFA-BB37-E74D63B71619}.Debug|iPhoneSimulator.ActiveCfg = Debug|Any CPU
		{EAC42622-AF49-4EFA-BB37-E74D63B71619}.Debug|iPhoneSimulator.Build.0 = Debug|Any CPU
		{EAC42622-AF49-4EFA-BB37-E74D63B71619}.Release|iPhone.ActiveCfg = Release|Any CPU
		{EAC42622-AF49-4EFA-BB37-E74D63B71619}.Release|iPhone.Build.0 = Release|Any CPU
		{EAC42622-AF49-4EFA-BB37-E74D63B71619}.Release|iPhoneSimulator.ActiveCfg = Release|Any CPU
		{EAC42622-AF49-4EFA-BB37-E74D63B71619}.Release|iPhoneSimulator.Build.0 = Release|Any CPU
		{EAC42622-AF49-4EFA-BB37-E74D63B71619}.Debug|iPhone.ActiveCfg = Debug|Any CPU
		{EAC42622-AF49-4EFA-BB37-E74D63B71619}.Debug|iPhone.Build.0 = Debug|Any CPU
	EndGlobalSection
EndGlobal
